<?xml version="1.0" encoding="utf-8"?>
<Project xmlns="http://schemas.microsoft.com/developer/msbuild/2003">
  <ItemGroup>
    <Filter Include="Form Files">
      <UniqueIdentifier>{99349809-55BA-4b9d-BF79-8FDBB0286EB3}</UniqueIdentifier>
      <Extensions>ui</Extensions>
      <ParseFiles>false</ParseFiles>
    </Filter>
    <Filter Include="Form Files">
      <UniqueIdentifier>{99349809-55BA-4b9d-BF79-8FDBB0286EB3}</UniqueIdentifier>
      <Extensions>ui</Extensions>
      <ParseFiles>false</ParseFiles>
    </Filter>
    <Filter Include="Generated Files">
      <UniqueIdentifier>{71ED8ED8-ACB9-4CE9-BBE1-E00B30144E11}</UniqueIdentifier>
      <Extensions>cpp;c;cxx;moc;h;def;odl;idl;res;</Extensions>
    </Filter>
    <Filter Include="Generated Files">
      <UniqueIdentifier>{71ED8ED8-ACB9-4CE9-BBE1-E00B30144E11}</UniqueIdentifier>
      <Extensions>cpp;c;cxx;moc;h;def;odl;idl;res;</Extensions>
    </Filter>
    <Filter Include="Header Files">
      <UniqueIdentifier>{93995380-89BD-4b04-88EB-625FBE52EBFB}</UniqueIdentifier>
      <Extensions>h;hpp;hxx;hm;inl;inc;xsd</Extensions>
    </Filter>
    <Filter Include="Header Files">
      <UniqueIdentifier>{93995380-89BD-4b04-88EB-625FBE52EBFB}</UniqueIdentifier>
      <Extensions>h;hpp;hxx;hm;inl;inc;xsd</Extensions>
    </Filter>
    <Filter Include="Resource Files">
      <UniqueIdentifier>{D9D6E242-F8AF-46E4-B9FD-80ECBC20BA3E}</UniqueIdentifier>
      <Extensions>qrc;*</Extensions>
      <ParseFiles>false</ParseFiles>
    </Filter>
    <Filter Include="Resource Files">
      <UniqueIdentifier>{D9D6E242-F8AF-46E4-B9FD-80ECBC20BA3E}</UniqueIdentifier>
      <Extensions>qrc;*</Extensions>
      <ParseFiles>false</ParseFiles>
    </Filter>
    <Filter Include="Source Files">
      <UniqueIdentifier>{4FC737F1-C7A5-4376-A066-2A32D752A2FF}</UniqueIdentifier>
      <Extensions>cpp;c;cxx;def;odl;idl;hpj;bat;asm;asmx</Extensions>
    </Filter>
    <Filter Include="Source Files">
      <UniqueIdentifier>{4FC737F1-C7A5-4376-A066-2A32D752A2FF}</UniqueIdentifier>
      <Extensions>cpp;c;cxx;def;odl;idl;hpj;bat;asm;asmx</Extensions>
    </Filter>
  </ItemGroup>
  <ItemGroup>
    <ClCompile Include="substring_window\Boyer_Moore.cpp">
      <Filter>Source Files</Filter>
    </ClCompile>
    <ClCompile Include="copies_window\binary_tree.cpp">
      <Filter>Source Files</Filter>
    </ClCompile>
    <ClCompile Include="copies_window\copies_finder.cpp">
      <Filter>Source Files</Filter>
    </ClCompile>
    <ClCompile Include="copies_window\dumpInfo.cpp">
      <Filter>Source Files</Filter>
    </ClCompile>
    <ClCompile Include="substring_window\file_trigram_finder.cpp">
      <Filter>Source Files</Filter>
    </ClCompile>
    <ClCompile Include="substring_window\filtersDialog.cpp">
      <Filter>Source Files</Filter>
    </ClCompile>
    <ClCompile Include="main.cpp">
      <Filter>Source Files</Filter>
    </ClCompile>
    <ClCompile Include="copies_window\mainwindow.cpp">
      <Filter>Source Files</Filter>
    </ClCompile>
    <ClCompile Include="substring_window\mainwindow2.cpp">
      <Filter>Source Files</Filter>
    </ClCompile>
    <ClCompile Include="my_functions.cpp">
      <Filter>Source Files</Filter>
    </ClCompile>
    <ClCompile Include="substring_window\substring_finder.cpp">
      <Filter>Source Files</Filter>
    </ClCompile>
    <ClCompile Include="substring_window\trigram.cpp">
      <Filter>Source Files</Filter>
    </ClCompile>
    <ClCompile Include="welcome.cpp">
      <Filter>Source Files</Filter>
    </ClCompile>
  </ItemGroup>
  <ItemGroup>
    <ClInclude Include="substring_window\Boyer_Moore.h">
      <Filter>Header Files</Filter>
    </ClInclude>
    <ClInclude Include="copies_window\binary_tree.h">
      <Filter>Header Files</Filter>
    </ClInclude>
    <QtMoc Include="copies_window\copies_finder.h">
      <Filter>Header Files</Filter>
    </QtMoc>
    <QtMoc Include="copies_window\dumpInfo.h">
      <Filter>Header Files</Filter>
    </QtMoc>
    <ClInclude Include="substring_window\file_trigram_finder.h">
      <Filter>Header Files</Filter>
    </ClInclude>
    <QtMoc Include="substring_window\filtersDialog.h">
      <Filter>Header Files</Filter>
    </QtMoc>
    <QtMoc Include="copies_window\mainwindow.h">
      <Filter>Header Files</Filter>
    </QtMoc>
    <QtMoc Include="substring_window\mainwindow2.h">
      <Filter>Header Files</Filter>
    </QtMoc>
    <ClInclude Include="my_functions.h">
      <Filter>Header Files</Filter>
    </ClInclude>
    <QtMoc Include="substring_window\substring_finder.h">
      <Filter>Header Files</Filter>
    </QtMoc>
    <ClInclude Include="substring_window\trigram.h">
      <Filter>Header Files</Filter>
    </ClInclude>
    <QtMoc Include="welcome.h">
      <Filter>Header Files</Filter>
    </QtMoc>
  </ItemGroup>
  <ItemGroup>
    
    
    
    
    
    
    
    
    
    
    <CustomBuild Include="debug\moc_predefs.h.cbt">
      <Filter>Generated Files</Filter>
    </CustomBuild>
    <CustomBuild Include="release\moc_predefs.h.cbt">
      <Filter>Generated Files</Filter>
    </CustomBuild>
    
    
    
    
    
    
    <ClInclude Include="ui_DialogButtonBottom.h">
      <Filter>Generated Files</Filter>
    </ClInclude>
    <ClInclude Include="ui_MainWindow1.h">
      <Filter>Generated Files</Filter>
    </ClInclude>
    <ClInclude Include="ui_dumpInfo.h">
      <Filter>Generated Files</Filter>
    </ClInclude>
    <ClInclude Include="ui_filtersDialog.h">
      <Filter>Generated Files</Filter>
    </ClInclude>
    <ClInclude Include="ui_mainwindow.h">
      <Filter>Generated Files</Filter>
    </ClInclude>
    <ClInclude Include="ui_welcome.h">
      <Filter>Generated Files</Filter>
    </ClInclude>
  </ItemGroup>
  <ItemGroup>
    <QtUic Include="copies_window\DialogButtonBottom.ui">
      <Filter>Form Files</Filter>
    </QtUic>
    <QtUic Include="substring_window\MainWindow1.ui">
      <Filter>Form Files</Filter>
    </QtUic>
    <QtUic Include="copies_window\dumpInfo.ui">
      <Filter>Form Files</Filter>
    </QtUic>
    <QtUic Include="substring_window\filtersDialog.ui">
      <Filter>Form Files</Filter>
    </QtUic>
    <QtUic Include="copies_window\mainwindow.ui">
      <Filter>Form Files</Filter>
    </QtUic>
    <QtUic Include="welcome.ui">
      <Filter>Form Files</Filter>
    </QtUic>
  </ItemGroup>
  <ItemGroup>
    <None Include="images\Gdyn.jpg">
      <Filter>Resource Files</Filter>
    </None>
    <QtRcc Include="resources.qrc">
      <Filter>Resource Files</Filter>
    </QtRcc>
  </ItemGroup>
</Project>